
Microsoft Visual Studio Solution File, Format Version 12.00
# Visual Studio Version 17
VisualStudioVersion = 17.13.35806.99
MinimumVisualStudioVersion = 10.0.40219.1
Project("{FAE04EC0-301F-11D3-BF4B-00C04F79EFBC}") = "CancelarNotas", "CancelarNotas.csproj", "{FACFCF24-AA86-456E-867F-ECB56F1278D8}"
EndProject
Global
	GlobalSection(SolutionConfigurationPlatforms) = preSolution
		Debug|Any CPU = Debug|Any CPU
		Release|Any CPU = Release|Any CPU
	EndGlobalSection
	GlobalSection(ProjectConfigurationPlatforms) = postSolution
		{FACFCF24-AA86-456E-867F-ECB56F1278D8}.Debug|Any CPU.ActiveCfg = Debug|Any CPU
		{FACFCF24-AA86-456E-867F-ECB56F1278D8}.Debug|Any CPU.Build.0 = Debug|Any CPU
		{FACFCF24-AA86-456E-867F-ECB56F1278D8}.Release|Any CPU.ActiveCfg = Release|Any CPU
		{FACFCF24-AA86-456E-867F-ECB56F1278D8}.Release|Any CPU.Build.0 = Release|Any CPU
	EndGlobalSection
	GlobalSection(SolutionProperties) = preSolution
		HideSolutionNode = FALSE
	EndGlobalSection
	GlobalSection(ExtensibilityGlobals) = postSolution
		SolutionGuid = {EA05722D-663D-4D8A-952E-AB08E45E68BB}
	EndGlobalSection
EndGlobal
